lockfileVersion: '9.0'

settings:
  autoInstallPeers: true
  excludeLinksFromLockfile: false

importers:

  .:
    dependencies:
      '@apollo/subgraph':
        specifier: ^0.3.1
        version: 0.3.3(graphql@15.8.0)
      '@graphql-yoga/node':
        specifier: ^2.7.0
        version: 2.13.13(graphql@15.8.0)
      graphql:
        specifier: ^15.5.3
        version: 15.8.0
      graphql-tag:
        specifier: ^2.12.5
        version: 2.12.6(graphql@15.8.0)

packages:

  '@apollo/subgraph@0.3.3':
    resolution: {integrity: sha512-VH8B0IEa960ajMApWPs0eu/kH28tDUbuXgGJN2ZUo9hIo6LtyPfDRATtHlMr2SeW1Vh3ukiZE3BW78zrtTHCUA==}
    engines: {node: '>=12.13.0 <17.0'}
    deprecated: All v0.x versions of @apollo/subgraph are now deprecated with an end-of-life date of September 22, 2023. Apollo recommends upgrading to v2.x as soon as possible. For more details, see our announcement blog post (https://www.apollographql.com/blog/announcement/backend/announcing-the-end-of-life-schedule-for-apollo-gateway-v0-x/) and documentation (https://www.apollographql.com/docs/federation/federation-2/backward-compatibility/#is-official-support-ending-for-apollogateway-v0x).
    peerDependencies:
      graphql: ^15.8.0 || ^16.0.0

  '@envelop/core@2.6.0':
    resolution: {integrity: sha512-yTptKinJN//i6m1kXUbnLBl/FobzddI4ehURAMS08eRUOQwAuXqJU9r8VdTav8nIZLb4t6cuDWFb3n331LiwLw==}
    peerDependencies:
      graphql: ^14.0.0 || ^15.0.0 || ^16.0.0

  '@envelop/parser-cache@4.7.0':
    resolution: {integrity: sha512-63NfXDcW/vGn4U6NFxaZ0JbYWAcJb9A6jhTvghsSz1ZS+Dny/ci8bVSgVmM1q+N56hPyGsVPuyI+rIc71mPU5g==}
    peerDependencies:
      '@envelop/core': ^2.6.0
      graphql: ^14.0.0 || ^15.0.0 || ^16.0.0

  '@envelop/types@2.4.0':
    resolution: {integrity: sha512-pjxS98cDQBS84X29VcwzH3aJ/KiLCGwyMxuj7/5FkdiaCXAD1JEvKEj9LARWlFYj1bY43uII4+UptFebrhiIaw==}
    peerDependencies:
      graphql: ^14.0.0 || ^15.0.0 || ^16.0.0

  '@envelop/validation-cache@4.7.0':
    resolution: {integrity: sha512-PzL+GfWJRT+JjsJqZAIxHKEkvkM3hxkeytS5O0QLXT8kURNBV28r+Kdnn2RCF5+6ILhyGpiDb60vaquBi7g4lw==}
    peerDependencies:
      '@envelop/core': ^2.6.0
      graphql: ^14.0.0 || ^15.0.0 || ^16.0.0

  '@fastify/busboy@2.1.1':
    resolution: {integrity: sha512-vBZP4NlzfOlerQTnba4aqZoMhE/a9HY7HRqoOPaETQcSQuWEIyZMHGfVu6w9wGtGK5fED5qRs2DteVCjOH60sA==}
    engines: {node: '>=14'}

  '@graphql-tools/merge@8.4.2':
    resolution: {integrity: sha512-XbrHAaj8yDuINph+sAfuq3QCZ/tKblrTLOpirK0+CAgNlZUCHs0Fa+xtMUURgwCVThLle1AF7svJCxFizygLsw==}
    peerDependencies:
      graphql: ^14.0.0 || ^15.0.0 || ^16.0.0 || ^17.0.0

  '@graphql-tools/schema@9.0.19':
    resolution: {integrity: sha512-oBRPoNBtCkk0zbUsyP4GaIzCt8C0aCI4ycIRUL67KK5pOHljKLBBtGT+Jr6hkzA74C8Gco8bpZPe7aWFjiaK2w==}
    peerDependencies:
      graphql: ^14.0.0 || ^15.0.0 || ^16.0.0 || ^17.0.0

  '@graphql-tools/utils@8.13.1':
    resolution: {integrity: sha512-qIh9yYpdUFmctVqovwMdheVNJqFh+DQNWIhX87FJStfXYnmweBUDATok9fWPleKeFwxnW8IapKmY8m8toJEkAw==}
    peerDependencies:
      graphql: ^14.0.0 || ^15.0.0 || ^16.0.0 || ^17.0.0

  '@graphql-tools/utils@9.2.1':
    resolution: {integrity: sha512-WUw506Ql6xzmOORlriNrD6Ugx+HjVgYxt9KCXD9mHAak+eaXSwuGGPyE60hy9xaDEoXKBsG7SkG69ybitaVl6A==}
    peerDependencies:
      graphql: ^14.0.0 || ^15.0.0 || ^16.0.0 || ^17.0.0

  '@graphql-typed-document-node/core@3.2.0':
    resolution: {integrity: sha512-mB9oAsNCm9aM3/SOv4YtBMqZbYj10R7dkq8byBqxGY/ncFwhf2oQzMV+LCRlWoDSEBJ3COiR1yeDvMtsoOsuFQ==}
    peerDependencies:
      graphql: ^0.8.0 || ^0.9.0 || ^0.10.0 || ^0.11.0 || ^0.12.0 || ^0.13.0 || ^14.0.0 || ^15.0.0 || ^16.0.0 || ^17.0.0

  '@graphql-yoga/common@2.12.12':
    resolution: {integrity: sha512-La2ygIw2qlIJZrRGT4nW70Nam7gQ2xZkOn0FDCnKWSJhQ4nHw4aFAkeHIJdZGK0u2TqtXRrNSAj5cb/TZoqUiQ==}
    peerDependencies:
      graphql: ^15.2.0 || ^16.0.0

  '@graphql-yoga/node@2.13.13':
    resolution: {integrity: sha512-3NmdEq3BkuVLRbo5yUi401sBiwowSKgY8O1DN1RwYdHRr0nu2dXzlYEETf4XLymyP6mKsVfQgsy7HQjwsc1oNw==}
    peerDependencies:
      graphql: ^15.2.0 || ^16.0.0

  '@graphql-yoga/subscription@2.2.3':
    resolution: {integrity: sha512-It/Dfh+nW2ClTtmOylAa+o7fbKIRYRTH6jfKLj3YB75tkv/rFZ70bjlChDCrEMa46I+zDMg7+cdkrQOXov2fDg==}

  '@graphql-yoga/typed-event-target@0.1.1':
    resolution: {integrity: sha512-l23kLKHKhfD7jmv4OUlzxMTihSqgIjGWCSb0KdlLkeiaF2jjuo8pRhX200hFTrtjRHGSYS1fx2lltK/xWci+vw==}

  '@peculiar/asn1-schema@2.3.8':
    resolution: {integrity: sha512-ULB1XqHKx1WBU/tTFIA+uARuRoBVZ4pNdOA878RDrRbBfBGcSzi5HBkdScC6ZbHn8z7L8gmKCgPC1LHRrP46tA==}

  '@peculiar/json-schema@1.1.12':
    resolution: {integrity: sha512-coUfuoMeIB7B8/NMekxaDzLhaYmp0HZNPEjYRm9goRou8UZIC3z21s0sL9AWoCw4EG876QyO3kYrc61WNF9B/w==}
    engines: {node: '>=8.0.0'}

  '@peculiar/webcrypto@1.4.6':
    resolution: {integrity: sha512-YBcMfqNSwn3SujUJvAaySy5tlYbYm6tVt9SKoXu8BaTdKGROiJDgPR3TXpZdAKUfklzm3lRapJEAltiMQtBgZg==}
    engines: {node: '>=10.12.0'}

  '@repeaterjs/repeater@3.0.6':
    resolution: {integrity: sha512-Javneu5lsuhwNCryN+pXH93VPQ8g0dBX7wItHFgYiwQmzE1sVdg5tWHiOgHywzL2W21XQopa7IwIEnNbmeUJYA==}

  '@whatwg-node/fetch@0.3.2':
    resolution: {integrity: sha512-Bs5zAWQs0tXsLa4mRmLw7Psps1EN78vPtgcLpw3qPY8s6UYPUM67zFZ9cy+7tZ64PXhfwzxJn+m7RH2Lq48RNQ==}

  abort-controller@3.0.0:
    resolution: {integrity: sha512-h8lQ8tacZYnR3vNQTgibj+tODHI5/+l06Au2Pcriv/Gmet0eaj4TwWH41sO9wnHDiQsEj19q0drzdWdeAHtweg==}
    engines: {node: '>=6.5'}

  asn1js@3.0.5:
    resolution: {integrity: sha512-FVnvrKJwpt9LP2lAMl8qZswRNm3T4q9CON+bxldk2iwk3FFpuwhx2FfinyitizWHsVYyaY+y5JzDR0rCMV5yTQ==}
    engines: {node: '>=12.0.0'}

  busboy@1.6.0:
    resolution: {integrity: sha512-8SFQbg/0hQ9xy3UNTB0YEnsNBbWfhf7RtnzpL7TkBiTBRfrQ9Fxcnz7VJsleJpyp6rVLvXiuORqjlHi5q+PYuA==}
    engines: {node: '>=10.16.0'}

  dset@3.1.3:
    resolution: {integrity: sha512-20TuZZHCEZ2O71q9/+8BwKwZ0QtD9D8ObhrihJPr+vLLYlSuAU3/zL4cSlgbfeoGHTjCSJBa7NGcrF9/Bx/WJQ==}
    engines: {node: '>=4'}

  event-target-polyfill@0.0.3:
    resolution: {integrity: sha512-ZMc6UuvmbinrCk4RzGyVmRyIsAyxMRlp4CqSrcQRO8Dy0A9ldbiRy5kdtBj4OtP7EClGdqGfIqo9JmOClMsGLQ==}

  event-target-shim@5.0.1:
    resolution: {integrity: sha512-i/2XbnSz/uxRCU6+NdVJgKWDTM427+MqYbkQzD321DuCQJUqOuJKIA0IM2+W2xtYHdKOmZ4dR6fExsd4SXL+WQ==}
    engines: {node: '>=6'}

  form-data-encoder@1.9.0:
    resolution: {integrity: sha512-rahaRMkN8P8d/tgK/BLPX+WBVM27NbvdXBxqQujBtkDAIFspaRqN7Od7lfdGQA6KAD+f82fYCLBq1ipvcu8qLw==}

  formdata-node@4.4.1:
    resolution: {integrity: sha512-0iirZp3uVDjVGt9p49aTaqjk84TrglENEDuqfdlZQ1roC9CWlPk6Avf8EEnZNcAqPonwkG35x4n3ww/1THYAeQ==}
    engines: {node: '>= 12.20'}

  graphql-tag@2.12.6:
    resolution: {integrity: sha512-FdSNcu2QQcWnM2VNvSCCDCVS5PpPqpzgFT8+GXzqJuoDd0CBncxCY278u4mhRO7tMgo2JjgJA5aZ+nWSQ/Z+xg==}
    engines: {node: '>=10'}
    peerDependencies:
      graphql: ^0.9.0 || ^0.10.0 || ^0.11.0 || ^0.12.0 || ^0.13.0 || ^14.0.0 || ^15.0.0 || ^16.0.0

  graphql@15.8.0:
    resolution: {integrity: sha512-5gghUc24tP9HRznNpV2+FIoq3xKkj5dTQqf4v0CpdPbFVwFkWoxOM+o+2OC9ZSvjEMTjfmG9QT+gcvggTwW1zw==}
    engines: {node: '>= 10.x'}

  lru-cache@6.0.0:
    resolution: {integrity: sha512-Jo6dJ04CmSjuznwJSS3pUeWmd/H0ffTlkXXgwZi+eq1UCmqQwCh+eLsYOYCwY991i2Fah4h1BEMCx4qThGbsiA==}
    engines: {node: '>=10'}

  node-domexception@1.0.0:
    resolution: {integrity: sha512-/jKZoMpw0F8GRwl4/eLROPA3cfcXtLApP0QzLmUT/HuPCZWyB7IY9ZrMeKw2O/nFIqPQB3PVM9aYm0F312AXDQ==}
    engines: {node: '>=10.5.0'}

  node-fetch@2.7.0:
    resolution: {integrity: sha512-c4FRfUm/dbcWZ7U+1Wq0AwCyFL+3nt2bEw05wfxSz+DWpWsitgmSgYmy2dQdWyKC1694ELPqMs/YzUSNozLt8A==}
    engines: {node: 4.x || >=6.0.0}
    peerDependencies:
      encoding: ^0.1.0
    peerDependenciesMeta:
      encoding:
        optional: true

  pvtsutils@1.3.5:
    resolution: {integrity: sha512-ARvb14YB9Nm2Xi6nBq1ZX6dAM0FsJnuk+31aUp4TrcZEdKUlSqOqsxJHUPJDNE3qiIp+iUPEIeR6Je/tgV7zsA==}

  pvutils@1.1.3:
    resolution: {integrity: sha512-pMpnA0qRdFp32b1sJl1wOJNxZLQ2cbQx+k6tjNtZ8CpvVhNqEPRgivZ2WOUev2YMajecdH7ctUPDvEe87nariQ==}
    engines: {node: '>=6.0.0'}

  streamsearch@1.1.0:
    resolution: {integrity: sha512-Mcc5wHehp9aXz1ax6bZUyY5afg9u2rv5cqQI3mRrYkGC8rW2hM02jWuwjtL++LS5qinSyhj2QfLyNsuc+VsExg==}
    engines: {node: '>=10.0.0'}

  tr46@0.0.3:
    resolution: {integrity: sha512-N3WMsuqV66lT30CrXNbEjx4GEwlow3v6rr4mCcv6prnfwhS01rkgyFdjPNBYd9br7LpXV1+Emh01fHnq2Gdgrw==}

  tslib@2.4.0:
    resolution: {integrity: sha512-d6xOpEDfsi2CZVlPQzGeux8XMwLT9hssAsaPYExaQMuYskwb+x1x7J371tWlbBdWHroy99KnVB6qIkUbs5X3UQ==}

  tslib@2.6.2:
    resolution: {integrity: sha512-AEYxH93jGFPn/a2iVAwW87VuUIkR1FVUKB77NwMF7nBTDkDrrT/Hpt/IrCJ0QXhW27jTBDcf5ZY7w6RiqTMw2Q==}

  undici@5.28.4:
    resolution: {integrity: sha512-72RFADWFqKmUb2hmmvNODKL3p9hcB6Gt2DOQMis1SEBaV6a4MH8soBvzg+95CYhCKPFedut2JY9bMfrDl9D23g==}
    engines: {node: '>=14.0'}

  value-or-promise@1.0.12:
    resolution: {integrity: sha512-Z6Uz+TYwEqE7ZN50gwn+1LCVo9ZVrpxRPOhOLnncYkY1ZzOYtrX8Fwf/rFktZ8R5mJms6EZf5TqNOMeZmnPq9Q==}
    engines: {node: '>=12'}

  web-streams-polyfill@3.3.3:
    resolution: {integrity: sha512-d2JWLCivmZYTSIoge9MsgFCZrt571BikcWGYkjC1khllbTeDlGqZ2D8vD8E/lJa8WGWbb7Plm8/XJYV7IJHZZw==}
    engines: {node: '>= 8'}

  web-streams-polyfill@4.0.0-beta.3:
    resolution: {integrity: sha512-QW95TCTaHmsYfHDybGMwO5IJIM93I/6vTRk+daHTWFPhwh+C8Cg7j7XyKrwrj8Ib6vYXe0ocYNrmzY4xAAN6ug==}
    engines: {node: '>= 14'}

  webcrypto-core@1.7.9:
    resolution: {integrity: sha512-FE+a4PPkOmBbgNDIyRmcHhgXn+2ClRl3JzJdDu/P4+B8y81LqKe6RAsI9b3lAOHe1T1BMkSjsRHTYRikImZnVA==}

  webidl-conversions@3.0.1:
    resolution: {integrity: sha512-2JAn3z8AR6rjK8Sm8orRC0h/bcl/DqL7tRPdGZ4I1CjdF+EaMLmYxBHyXuKL849eucPFhvBoxMsflfOb8kxaeQ==}

  whatwg-url@5.0.0:
    resolution: {integrity: sha512-saE57nupxk6v3HY35+jzBwYa0rKSy0XR8JSxZPwgLr7ys0IBzhGviA1/TUGJLmSVqs8pb9AnvICXEuOHLprYTw==}

  yallist@4.0.0:
    resolution: {integrity: sha512-3wdGidZyq5PB084XLES5TpOSRA3wjXAlIWMhum2kRcv/41Sn2emQ0dycQW4uZXLejwKvg6EsvbdlVL+FYEct7A==}

snapshots:

  '@apollo/subgraph@0.3.3(graphql@15.8.0)':
    dependencies:
      graphql: 15.8.0

  '@envelop/core@2.6.0(graphql@15.8.0)':
    dependencies:
      '@envelop/types': 2.4.0(graphql@15.8.0)
      graphql: 15.8.0
      tslib: 2.4.0

  '@envelop/parser-cache@4.7.0(@envelop/core@2.6.0(graphql@15.8.0))(graphql@15.8.0)':
    dependencies:
      '@envelop/core': 2.6.0(graphql@15.8.0)
      graphql: 15.8.0
      lru-cache: 6.0.0
      tslib: 2.6.2

  '@envelop/types@2.4.0(graphql@15.8.0)':
    dependencies:
      graphql: 15.8.0
      tslib: 2.6.2

  '@envelop/validation-cache@4.7.0(@envelop/core@2.6.0(graphql@15.8.0))(graphql@15.8.0)':
    dependencies:
      '@envelop/core': 2.6.0(graphql@15.8.0)
      graphql: 15.8.0
      lru-cache: 6.0.0
      tslib: 2.6.2

  '@fastify/busboy@2.1.1': {}

  '@graphql-tools/merge@8.4.2(graphql@15.8.0)':
    dependencies:
      '@graphql-tools/utils': 9.2.1(graphql@15.8.0)
      graphql: 15.8.0
      tslib: 2.6.2

  '@graphql-tools/schema@9.0.19(graphql@15.8.0)':
    dependencies:
      '@graphql-tools/merge': 8.4.2(graphql@15.8.0)
      '@graphql-tools/utils': 9.2.1(graphql@15.8.0)
      graphql: 15.8.0
      tslib: 2.6.2
      value-or-promise: 1.0.12

  '@graphql-tools/utils@8.13.1(graphql@15.8.0)':
    dependencies:
      graphql: 15.8.0
      tslib: 2.6.2

  '@graphql-tools/utils@9.2.1(graphql@15.8.0)':
    dependencies:
      '@graphql-typed-document-node/core': 3.2.0(graphql@15.8.0)
      graphql: 15.8.0
      tslib: 2.6.2

  '@graphql-typed-document-node/core@3.2.0(graphql@15.8.0)':
    dependencies:
      graphql: 15.8.0

  '@graphql-yoga/common@2.12.12(graphql@15.8.0)':
    dependencies:
      '@envelop/core': 2.6.0(graphql@15.8.0)
      '@envelop/parser-cache': 4.7.0(@envelop/core@2.6.0(graphql@15.8.0))(graphql@15.8.0)
      '@envelop/validation-cache': 4.7.0(@envelop/core@2.6.0(graphql@15.8.0))(graphql@15.8.0)
      '@graphql-tools/schema': 9.0.19(graphql@15.8.0)
      '@graphql-tools/utils': 8.13.1(graphql@15.8.0)
      '@graphql-typed-document-node/core': 3.2.0(graphql@15.8.0)
      '@graphql-yoga/subscription': 2.2.3
      '@whatwg-node/fetch': 0.3.2
      dset: 3.1.3
      graphql: 15.8.0
      tslib: 2.6.2
    transitivePeerDependencies:
      - encoding

  '@graphql-yoga/node@2.13.13(graphql@15.8.0)':
    dependencies:
      '@envelop/core': 2.6.0(graphql@15.8.0)
      '@graphql-tools/utils': 8.13.1(graphql@15.8.0)
      '@graphql-yoga/common': 2.12.12(graphql@15.8.0)
      '@graphql-yoga/subscription': 2.2.3
      '@whatwg-node/fetch': 0.3.2
      graphql: 15.8.0
      tslib: 2.6.2
    transitivePeerDependencies:
      - encoding

  '@graphql-yoga/subscription@2.2.3':
    dependencies:
      '@graphql-yoga/typed-event-target': 0.1.1
      '@repeaterjs/repeater': 3.0.6
      tslib: 2.6.2

  '@graphql-yoga/typed-event-target@0.1.1':
    dependencies:
      '@repeaterjs/repeater': 3.0.6
      tslib: 2.6.2

  '@peculiar/asn1-schema@2.3.8':
    dependencies:
      asn1js: 3.0.5
      pvtsutils: 1.3.5
      tslib: 2.6.2

  '@peculiar/json-schema@1.1.12':
    dependencies:
      tslib: 2.6.2

  '@peculiar/webcrypto@1.4.6':
    dependencies:
      '@peculiar/asn1-schema': 2.3.8
      '@peculiar/json-schema': 1.1.12
      pvtsutils: 1.3.5
      tslib: 2.6.2
      webcrypto-core: 1.7.9

  '@repeaterjs/repeater@3.0.6': {}

  '@whatwg-node/fetch@0.3.2':
    dependencies:
      '@peculiar/webcrypto': 1.4.6
      abort-controller: 3.0.0
      busboy: 1.6.0
      event-target-polyfill: 0.0.3
      form-data-encoder: 1.9.0
      formdata-node: 4.4.1
      node-fetch: 2.7.0
      undici: 5.28.4
      web-streams-polyfill: 3.3.3
    transitivePeerDependencies:
      - encoding

  abort-controller@3.0.0:
    dependencies:
      event-target-shim: 5.0.1

  asn1js@3.0.5:
    dependencies:
      pvtsutils: 1.3.5
      pvutils: 1.1.3
      tslib: 2.6.2

  busboy@1.6.0:
    dependencies:
      streamsearch: 1.1.0

  dset@3.1.3: {}

  event-target-polyfill@0.0.3: {}

  event-target-shim@5.0.1: {}

  form-data-encoder@1.9.0: {}

  formdata-node@4.4.1:
    dependencies:
      node-domexception: 1.0.0
      web-streams-polyfill: 4.0.0-beta.3

  graphql-tag@2.12.6(graphql@15.8.0):
    dependencies:
      graphql: 15.8.0
      tslib: 2.6.2

  graphql@15.8.0: {}

  lru-cache@6.0.0:
    dependencies:
      yallist: 4.0.0

  node-domexception@1.0.0: {}

  node-fetch@2.7.0:
    dependencies:
      whatwg-url: 5.0.0

  pvtsutils@1.3.5:
    dependencies:
      tslib: 2.6.2

  pvutils@1.1.3: {}

  streamsearch@1.1.0: {}

  tr46@0.0.3: {}

  tslib@2.4.0: {}

  tslib@2.6.2: {}

  undici@5.28.4:
    dependencies:
      '@fastify/busboy': 2.1.1

  value-or-promise@1.0.12: {}

  web-streams-polyfill@3.3.3: {}

  web-streams-polyfill@4.0.0-beta.3: {}

  webcrypto-core@1.7.9:
    dependencies:
      '@peculiar/asn1-schema': 2.3.8
      '@peculiar/json-schema': 1.1.12
      asn1js: 3.0.5
      pvtsutils: 1.3.5
      tslib: 2.6.2

  webidl-conversions@3.0.1: {}

  whatwg-url@5.0.0:
    dependencies:
      tr46: 0.0.3
      webidl-conversions: 3.0.1

  yallist@4.0.0: {}
